
Microsoft Visual Studio Solution File, Format Version 12.00
# Visual Studio Version 17
VisualStudioVersion = 17.2.32526.322
MinimumVisualStudioVersion = 10.0.40219.1
Project("{FAE04EC0-301F-11D3-BF4B-00C04F79EFBC}") = "TDD_CloudCustomers.API", "TDD_CloudCustomers\TDD_CloudCustomers.API.csproj", "{9BF62626-932A-49FE-99F0-B3A147E6649B}"
EndProject
Project("{FAE04EC0-301F-11D3-BF4B-00C04F79EFBC}") = "TDD_CloudCustomers.UnitTest", "TDD_CloudCustomers.UnitTest\TDD_CloudCustomers.UnitTest.csproj", "{28D07B37-C6C4-428B-95C3-6D5C767B2A07}"
EndProject
Global
	GlobalSection(SolutionConfigurationPlatforms) = preSolution
		Debug|Any CPU = Debug|Any CPU
		Release|Any CPU = Release|Any CPU
	EndGlobalSection
	GlobalSection(ProjectConfigurationPlatforms) = postSolution
		{9BF62626-932A-49FE-99F0-B3A147E6649B}.Debug|Any CPU.ActiveCfg = Debug|Any CPU
		{9BF62626-932A-49FE-99F0-B3A147E6649B}.Debug|Any CPU.Build.0 = Debug|Any CPU
		{9BF62626-932A-49FE-99F0-B3A147E6649B}.Release|Any CPU.ActiveCfg = Release|Any CPU
		{9BF62626-932A-49FE-99F0-B3A147E6649B}.Release|Any CPU.Build.0 = Release|Any CPU
		{28D07B37-C6C4-428B-95C3-6D5C767B2A07}.Debug|Any CPU.ActiveCfg = Debug|Any CPU
		{28D07B37-C6C4-428B-95C3-6D5C767B2A07}.Debug|Any CPU.Build.0 = Debug|Any CPU
		{28D07B37-C6C4-428B-95C3-6D5C767B2A07}.Release|Any CPU.ActiveCfg = Release|Any CPU
		{28D07B37-C6C4-428B-95C3-6D5C767B2A07}.Release|Any CPU.Build.0 = Release|Any CPU
	EndGlobalSection
	GlobalSection(SolutionProperties) = preSolution
		HideSolutionNode = FALSE
	EndGlobalSection
	GlobalSection(ExtensibilityGlobals) = postSolution
		SolutionGuid = {EB81C62B-46B7-434C-86DF-2992AC7F2F58}
	EndGlobalSection
EndGlobal
